PODS:
  - Capacitor (5.2.2):
    - CapacitorCordova
  - CapacitorCordova (5.2.2)
  - CapacitorPreferences (5.0.6):
    - Capacitor

DEPENDENCIES:
  - "Capacitor (from `../../node_modules/@capacitor/ios`)"
  - "CapacitorCordova (from `../../node_modules/@capacitor/ios`)"
  - "CapacitorPreferences (from `../../node_modules/@capacitor/preferences`)"

EXTERNAL SOURCES:
  Capacitor:
    :path: "../../node_modules/@capacitor/ios"
  CapacitorCordova:
    :path: "../../node_modules/@capacitor/ios"
  CapacitorPreferences:
    :path: "../../node_modules/@capacitor/preferences"

SPEC CHECKSUMS:
  Capacitor: 070b18988e0f566728ae9a5eb3a7a974595f1626
  CapacitorCordova: 3773395d5331add072300ff6041ca2cf7b93cb0b
  CapacitorPreferences: f03954bcb0ff09c792909e46bff88e3183c16b10

PODFILE CHECKSUM: 769e120bf4dfe4ef1095b83775e36bafeeeb3cdd

COCOAPODS: 1.12.1
